{
  "originHash" : "d27013abc3f4fe11d80cc435357a0beca48516743c11a878a24f4065c6178923",
  "pins" : [
    {
      "identity" : "imagepickerswiftui",
      "kind" : "remoteSourceControl",
      "location" : "https://github.com/tsuzukihashi/ImagePickerSwiftUI",
      "state" : {
        "revision" : "9895157231f047340ca248158290b0bc5b9d9cbd",
        "version" : "1.1.6"
      }
    },
    {
      "identity" : "swifterswift",
      "kind" : "remoteSourceControl",
      "location" : "https://github.com/SwifterSwift/SwifterSwift.git",
      "state" : {
        "revision" : "5a6de915bb80234e1e31b3e3e5f7a7995fc1f4db",
        "version" : "7.0.0"
      }
    },
    {
      "identity" : "swiftui-toasts",
      "kind" : "remoteSourceControl",
      "location" : "https://github.com/sunghyun-k/swiftui-toasts",
      "state" : {
        "revision" : "a9e96531424d3d0f6891076efefe86bb911448dc",
        "version" : "0.2.0"
      }
    },
    {
      "identity" : "swiftui-window-overlay",
      "kind" : "remoteSourceControl",
      "location" : "https://github.com/sunghyun-k/swiftui-window-overlay.git",
      "state" : {
        "revision" : "af0adae224dfe27e094bdef19a71fa4cc020cfbb",
        "version" : "1.0.1"
      }
    }
  ],
  "version" : 3
}
